
Microsoft Visual Studio Solution File, Format Version 12.00
# Visual Studio Version 16
VisualStudioVersion = 16.0.32802.440
MinimumVisualStudioVersion = 10.0.40219.1
Project("{FAE04EC0-301F-11D3-BF4B-00C04F79EFBC}") = "day4_1", "day4_1\day4_1.csproj", "{75ABFB42-F936-42FF-8B3E-96111B18EAE1}"
EndProject
Global
	GlobalSection(SolutionConfigurationPlatforms) = preSolution
		Debug|Any CPU = Debug|Any CPU
		Release|Any CPU = Release|Any CPU
	EndGlobalSection
	GlobalSection(ProjectConfigurationPlatforms) = postSolution
		{75ABFB42-F936-42FF-8B3E-96111B18EAE1}.Debug|Any CPU.ActiveCfg = Debug|Any CPU
		{75ABFB42-F936-42FF-8B3E-96111B18EAE1}.Debug|Any CPU.Build.0 = Debug|Any CPU
		{75ABFB42-F936-42FF-8B3E-96111B18EAE1}.Release|Any CPU.ActiveCfg = Release|Any CPU
		{75ABFB42-F936-42FF-8B3E-96111B18EAE1}.Release|Any CPU.Build.0 = Release|Any CPU
	EndGlobalSection
	GlobalSection(SolutionProperties) = preSolution
		HideSolutionNode = FALSE
	EndGlobalSection
	GlobalSection(ExtensibilityGlobals) = postSolution
		SolutionGuid = {0E119E77-6D6A-45EE-B6E9-FB4816191771}
	EndGlobalSection
EndGlobal
